
Microsoft Visual Studio Solution File, Format Version 12.00
# Visual Studio Version 17
VisualStudioVersion = 17.0.31903.59
MinimumVisualStudioVersion = 10.0.40219.1
Project("{2150E333-8FDC-42A3-9474-1A3956D46DE8}") = "src", "src", "{827E0CD3-B72D-47B6-A68D-7590B98EB39B}"
EndProject
Project("{FAE04EC0-301F-11D3-BF4B-00C04F79EFBC}") = "MaintOrbit.Domain", "src\MaintOrbit.Domain\MaintOrbit.Domain.csproj", "{7BD48BA8-D98E-4C50-986A-0549701E23F0}"
EndProject
Project("{FAE04EC0-301F-11D3-BF4B-00C04F79EFBC}") = "MaintOrbit.Shared", "src\MaintOrbit.Shared\MaintOrbit.Shared.csproj", "{30047820-E396-4A89-A174-2AC6BCF07AAC}"
EndProject
Project("{FAE04EC0-301F-11D3-BF4B-00C04F79EFBC}") = "MaintOrbit.Application", "src\MaintOrbit.Application\MaintOrbit.Application.csproj", "{50465262-ECD3-43A6-B7E2-88F88D5819E5}"
EndProject
Project("{FAE04EC0-301F-11D3-BF4B-00C04F79EFBC}") = "MaintOrbit.Infrastructure", "src\MaintOrbit.Infrastructure\MaintOrbit.Infrastructure.csproj", "{026FB3F9-8A3A-427B-A4D6-81A58BE3F8FD}"
EndProject
Project("{FAE04EC0-301F-11D3-BF4B-00C04F79EFBC}") = "MaintOrbit.Api", "src\MaintOrbit.Api\MaintOrbit.Api.csproj", "{BBD1009E-2A9A-4506-983E-42AC37A15827}"
EndProject
Project("{2150E333-8FDC-42A3-9474-1A3956D46DE8}") = "tests", "tests", "{0AB3BF05-4346-4AA6-1389-037BE0695223}"
EndProject
Project("{FAE04EC0-301F-11D3-BF4B-00C04F79EFBC}") = "MaintOrbit.Domain.UnitTests", "tests\MaintOrbit.Domain.UnitTests\MaintOrbit.Domain.UnitTests.csproj", "{E27937D6-2368-4DA6-A22F-025D71EBD54B}"
EndProject
Project("{FAE04EC0-301F-11D3-BF4B-00C04F79EFBC}") = "MaintOrbit.TestUtilities", "tests\MaintOrbit.TestUtilities\MaintOrbit.TestUtilities.csproj", "{7C7F420D-B6BC-488F-A53E-5D884625B76E}"
EndProject
Project("{FAE04EC0-301F-11D3-BF4B-00C04F79EFBC}") = "MaintOrbit.Application.UnitTests", "tests\MaintOrbit.Application.UnitTests\MaintOrbit.Application.UnitTests.csproj", "{9A242054-0E08-4E29-88BC-04B04D2F0512}"
EndProject
Project("{FAE04EC0-301F-11D3-BF4B-00C04F79EFBC}") = "MaintOrbit.Infrastructure.IntegrationTests", "tests\MaintOrbit.Infrastructure.IntegrationTests\MaintOrbit.Infrastructure.IntegrationTests.csproj", "{7F1E6CFA-7959-4394-B83C-D4A677E336A3}"
EndProject
Project("{FAE04EC0-301F-11D3-BF4B-00C04F79EFBC}") = "MaintOrbit.Api.FunctionalTests", "tests\MaintOrbit.Api.FunctionalTests\MaintOrbit.Api.FunctionalTests.csproj", "{443EB226-01AB-4A0F-A5C8-CEAADD90A255}"
EndProject
Project("{FAE04EC0-301F-11D3-BF4B-00C04F79EFBC}") = "MaintOrbit.ArchitectureTests", "tests\MaintOrbit.ArchitectureTests\MaintOrbit.ArchitectureTests.csproj", "{7CFC6EED-6FBB-47D9-BCD6-D49566D0ED9F}"
EndProject
Global
	GlobalSection(SolutionConfigurationPlatforms) = preSolution
		Debug|Any CPU = Debug|Any CPU
		Debug|x64 = Debug|x64
		Debug|x86 = Debug|x86
		Release|Any CPU = Release|Any CPU
		Release|x64 = Release|x64
		Release|x86 = Release|x86
	EndGlobalSection
	GlobalSection(ProjectConfigurationPlatforms) = postSolution
		{7BD48BA8-D98E-4C50-986A-0549701E23F0}.Debug|Any CPU.ActiveCfg = Debug|Any CPU
		{7BD48BA8-D98E-4C50-986A-0549701E23F0}.Debug|Any CPU.Build.0 = Debug|Any CPU
		{7BD48BA8-D98E-4C50-986A-0549701E23F0}.Debug|x64.ActiveCfg = Debug|Any CPU
		{7BD48BA8-D98E-4C50-986A-0549701E23F0}.Debug|x64.Build.0 = Debug|Any CPU
		{7BD48BA8-D98E-4C50-986A-0549701E23F0}.Debug|x86.ActiveCfg = Debug|Any CPU
		{7BD48BA8-D98E-4C50-986A-0549701E23F0}.Debug|x86.Build.0 = Debug|Any CPU
		{7BD48BA8-D98E-4C50-986A-0549701E23F0}.Release|Any CPU.ActiveCfg = Release|Any CPU
		{7BD48BA8-D98E-4C50-986A-0549701E23F0}.Release|Any CPU.Build.0 = Release|Any CPU
		{7BD48BA8-D98E-4C50-986A-0549701E23F0}.Release|x64.ActiveCfg = Release|Any CPU
		{7BD48BA8-D98E-4C50-986A-0549701E23F0}.Release|x64.Build.0 = Release|Any CPU
		{7BD48BA8-D98E-4C50-986A-0549701E23F0}.Release|x86.ActiveCfg = Release|Any CPU
		{7BD48BA8-D98E-4C50-986A-0549701E23F0}.Release|x86.Build.0 = Release|Any CPU
		{30047820-E396-4A89-A174-2AC6BCF07AAC}.Debug|Any CPU.ActiveCfg = Debug|Any CPU
		{30047820-E396-4A89-A174-2AC6BCF07AAC}.Debug|Any CPU.Build.0 = Debug|Any CPU
		{30047820-E396-4A89-A174-2AC6BCF07AAC}.Debug|x64.ActiveCfg = Debug|Any CPU
		{30047820-E396-4A89-A174-2AC6BCF07AAC}.Debug|x64.Build.0 = Debug|Any CPU
		{30047820-E396-4A89-A174-2AC6BCF07AAC}.Debug|x86.ActiveCfg = Debug|Any CPU
		{30047820-E396-4A89-A174-2AC6BCF07AAC}.Debug|x86.Build.0 = Debug|Any CPU
		{30047820-E396-4A89-A174-2AC6BCF07AAC}.Release|Any CPU.ActiveCfg = Release|Any CPU
		{30047820-E396-4A89-A174-2AC6BCF07AAC}.Release|Any CPU.Build.0 = Release|Any CPU
		{30047820-E396-4A89-A174-2AC6BCF07AAC}.Release|x64.ActiveCfg = Release|Any CPU
		{30047820-E396-4A89-A174-2AC6BCF07AAC}.Release|x64.Build.0 = Release|Any CPU
		{30047820-E396-4A89-A174-2AC6BCF07AAC}.Release|x86.ActiveCfg = Release|Any CPU
		{30047820-E396-4A89-A174-2AC6BCF07AAC}.Release|x86.Build.0 = Release|Any CPU
		{50465262-ECD3-43A6-B7E2-88F88D5819E5}.Debug|Any CPU.ActiveCfg = Debug|Any CPU
		{50465262-ECD3-43A6-B7E2-88F88D5819E5}.Debug|Any CPU.Build.0 = Debug|Any CPU
		{50465262-ECD3-43A6-B7E2-88F88D5819E5}.Debug|x64.ActiveCfg = Debug|Any CPU
		{50465262-ECD3-43A6-B7E2-88F88D5819E5}.Debug|x64.Build.0 = Debug|Any CPU
		{50465262-ECD3-43A6-B7E2-88F88D5819E5}.Debug|x86.ActiveCfg = Debug|Any CPU
		{50465262-ECD3-43A6-B7E2-88F88D5819E5}.Debug|x86.Build.0 = Debug|Any CPU
		{50465262-ECD3-43A6-B7E2-88F88D5819E5}.Release|Any CPU.ActiveCfg = Release|Any CPU
		{50465262-ECD3-43A6-B7E2-88F88D5819E5}.Release|Any CPU.Build.0 = Release|Any CPU
		{50465262-ECD3-43A6-B7E2-88F88D5819E5}.Release|x64.ActiveCfg = Release|Any CPU
		{50465262-ECD3-43A6-B7E2-88F88D5819E5}.Release|x64.Build.0 = Release|Any CPU
		{50465262-ECD3-43A6-B7E2-88F88D5819E5}.Release|x86.ActiveCfg = Release|Any CPU
		{50465262-ECD3-43A6-B7E2-88F88D5819E5}.Release|x86.Build.0 = Release|Any CPU
		{026FB3F9-8A3A-427B-A4D6-81A58BE3F8FD}.Debug|Any CPU.ActiveCfg = Debug|Any CPU
		{026FB3F9-8A3A-427B-A4D6-81A58BE3F8FD}.Debug|Any CPU.Build.0 = Debug|Any CPU
		{026FB3F9-8A3A-427B-A4D6-81A58BE3F8FD}.Debug|x64.ActiveCfg = Debug|Any CPU
		{026FB3F9-8A3A-427B-A4D6-81A58BE3F8FD}.Debug|x64.Build.0 = Debug|Any CPU
		{026FB3F9-8A3A-427B-A4D6-81A58BE3F8FD}.Debug|x86.ActiveCfg = Debug|Any CPU
		{026FB3F9-8A3A-427B-A4D6-81A58BE3F8FD}.Debug|x86.Build.0 = Debug|Any CPU
		{026FB3F9-8A3A-427B-A4D6-81A58BE3F8FD}.Release|Any CPU.ActiveCfg = Release|Any CPU
		{026FB3F9-8A3A-427B-A4D6-81A58BE3F8FD}.Release|Any CPU.Build.0 = Release|Any CPU
		{026FB3F9-8A3A-427B-A4D6-81A58BE3F8FD}.Release|x64.ActiveCfg = Release|Any CPU
		{026FB3F9-8A3A-427B-A4D6-81A58BE3F8FD}.Release|x64.Build.0 = Release|Any CPU
		{026FB3F9-8A3A-427B-A4D6-81A58BE3F8FD}.Release|x86.ActiveCfg = Release|Any CPU
		{026FB3F9-8A3A-427B-A4D6-81A58BE3F8FD}.Release|x86.Build.0 = Release|Any CPU
		{BBD1009E-2A9A-4506-983E-42AC37A15827}.Debug|Any CPU.ActiveCfg = Debug|Any CPU
		{BBD1009E-2A9A-4506-983E-42AC37A15827}.Debug|Any CPU.Build.0 = Debug|Any CPU
		{BBD1009E-2A9A-4506-983E-42AC37A15827}.Debug|x64.ActiveCfg = Debug|Any CPU
		{BBD1009E-2A9A-4506-983E-42AC37A15827}.Debug|x64.Build.0 = Debug|Any CPU
		{BBD1009E-2A9A-4506-983E-42AC37A15827}.Debug|x86.ActiveCfg = Debug|Any CPU
		{BBD1009E-2A9A-4506-983E-42AC37A15827}.Debug|x86.Build.0 = Debug|Any CPU
		{BBD1009E-2A9A-4506-983E-42AC37A15827}.Release|Any CPU.ActiveCfg = Release|Any CPU
		{BBD1009E-2A9A-4506-983E-42AC37A15827}.Release|Any CPU.Build.0 = Release|Any CPU
		{BBD1009E-2A9A-4506-983E-42AC37A15827}.Release|x64.ActiveCfg = Release|Any CPU
		{BBD1009E-2A9A-4506-983E-42AC37A15827}.Release|x64.Build.0 = Release|Any CPU
		{BBD1009E-2A9A-4506-983E-42AC37A15827}.Release|x86.ActiveCfg = Release|Any CPU
		{BBD1009E-2A9A-4506-983E-42AC37A15827}.Release|x86.Build.0 = Release|Any CPU
		{E27937D6-2368-4DA6-A22F-025D71EBD54B}.Debug|Any CPU.ActiveCfg = Debug|Any CPU
		{E27937D6-2368-4DA6-A22F-025D71EBD54B}.Debug|Any CPU.Build.0 = Debug|Any CPU
		{E27937D6-2368-4DA6-A22F-025D71EBD54B}.Debug|x64.ActiveCfg = Debug|Any CPU
		{E27937D6-2368-4DA6-A22F-025D71EBD54B}.Debug|x64.Build.0 = Debug|Any CPU
		{E27937D6-2368-4DA6-A22F-025D71EBD54B}.Debug|x86.ActiveCfg = Debug|Any CPU
		{E27937D6-2368-4DA6-A22F-025D71EBD54B}.Debug|x86.Build.0 = Debug|Any CPU
		{E27937D6-2368-4DA6-A22F-025D71EBD54B}.Release|Any CPU.ActiveCfg = Release|Any CPU
		{E27937D6-2368-4DA6-A22F-025D71EBD54B}.Release|Any CPU.Build.0 = Release|Any CPU
		{E27937D6-2368-4DA6-A22F-025D71EBD54B}.Release|x64.ActiveCfg = Release|Any CPU
		{E27937D6-2368-4DA6-A22F-025D71EBD54B}.Release|x64.Build.0 = Release|Any CPU
		{E27937D6-2368-4DA6-A22F-025D71EBD54B}.Release|x86.ActiveCfg = Release|Any CPU
		{E27937D6-2368-4DA6-A22F-025D71EBD54B}.Release|x86.Build.0 = Release|Any CPU
		{7C7F420D-B6BC-488F-A53E-5D884625B76E}.Debug|Any CPU.ActiveCfg = Debug|Any CPU
		{7C7F420D-B6BC-488F-A53E-5D884625B76E}.Debug|Any CPU.Build.0 = Debug|Any CPU
		{7C7F420D-B6BC-488F-A53E-5D884625B76E}.Debug|x64.ActiveCfg = Debug|Any CPU
		{7C7F420D-B6BC-488F-A53E-5D884625B76E}.Debug|x64.Build.0 = Debug|Any CPU
		{7C7F420D-B6BC-488F-A53E-5D884625B76E}.Debug|x86.ActiveCfg = Debug|Any CPU
		{7C7F420D-B6BC-488F-A53E-5D884625B76E}.Debug|x86.Build.0 = Debug|Any CPU
		{7C7F420D-B6BC-488F-A53E-5D884625B76E}.Release|Any CPU.ActiveCfg = Release|Any CPU
		{7C7F420D-B6BC-488F-A53E-5D884625B76E}.Release|Any CPU.Build.0 = Release|Any CPU
		{7C7F420D-B6BC-488F-A53E-5D884625B76E}.Release|x64.ActiveCfg = Release|Any CPU
		{7C7F420D-B6BC-488F-A53E-5D884625B76E}.Release|x64.Build.0 = Release|Any CPU
		{7C7F420D-B6BC-488F-A53E-5D884625B76E}.Release|x86.ActiveCfg = Release|Any CPU
		{7C7F420D-B6BC-488F-A53E-5D884625B76E}.Release|x86.Build.0 = Release|Any CPU
		{9A242054-0E08-4E29-88BC-04B04D2F0512}.Debug|Any CPU.ActiveCfg = Debug|Any CPU
		{9A242054-0E08-4E29-88BC-04B04D2F0512}.Debug|Any CPU.Build.0 = Debug|Any CPU
		{9A242054-0E08-4E29-88BC-04B04D2F0512}.Debug|x64.ActiveCfg = Debug|Any CPU
		{9A242054-0E08-4E29-88BC-04B04D2F0512}.Debug|x64.Build.0 = Debug|Any CPU
		{9A242054-0E08-4E29-88BC-04B04D2F0512}.Debug|x86.ActiveCfg = Debug|Any CPU
		{9A242054-0E08-4E29-88BC-04B04D2F0512}.Debug|x86.Build.0 = Debug|Any CPU
		{9A242054-0E08-4E29-88BC-04B04D2F0512}.Release|Any CPU.ActiveCfg = Release|Any CPU
		{9A242054-0E08-4E29-88BC-04B04D2F0512}.Release|Any CPU.Build.0 = Release|Any CPU
		{9A242054-0E08-4E29-88BC-04B04D2F0512}.Release|x64.ActiveCfg = Release|Any CPU
		{9A242054-0E08-4E29-88BC-04B04D2F0512}.Release|x64.Build.0 = Release|Any CPU
		{9A242054-0E08-4E29-88BC-04B04D2F0512}.Release|x86.ActiveCfg = Release|Any CPU
		{9A242054-0E08-4E29-88BC-04B04D2F0512}.Release|x86.Build.0 = Release|Any CPU
		{7F1E6CFA-7959-4394-B83C-D4A677E336A3}.Debug|Any CPU.ActiveCfg = Debug|Any CPU
		{7F1E6CFA-7959-4394-B83C-D4A677E336A3}.Debug|Any CPU.Build.0 = Debug|Any CPU
		{7F1E6CFA-7959-4394-B83C-D4A677E336A3}.Debug|x64.ActiveCfg = Debug|Any CPU
		{7F1E6CFA-7959-4394-B83C-D4A677E336A3}.Debug|x64.Build.0 = Debug|Any CPU
		{7F1E6CFA-7959-4394-B83C-D4A677E336A3}.Debug|x86.ActiveCfg = Debug|Any CPU
		{7F1E6CFA-7959-4394-B83C-D4A677E336A3}.Debug|x86.Build.0 = Debug|Any CPU
		{7F1E6CFA-7959-4394-B83C-D4A677E336A3}.Release|Any CPU.ActiveCfg = Release|Any CPU
		{7F1E6CFA-7959-4394-B83C-D4A677E336A3}.Release|Any CPU.Build.0 = Release|Any CPU
		{7F1E6CFA-7959-4394-B83C-D4A677E336A3}.Release|x64.ActiveCfg = Release|Any CPU
		{7F1E6CFA-7959-4394-B83C-D4A677E336A3}.Release|x64.Build.0 = Release|Any CPU
		{7F1E6CFA-7959-4394-B83C-D4A677E336A3}.Release|x86.ActiveCfg = Release|Any CPU
		{7F1E6CFA-7959-4394-B83C-D4A677E336A3}.Release|x86.Build.0 = Release|Any CPU
		{443EB226-01AB-4A0F-A5C8-CEAADD90A255}.Debug|Any CPU.ActiveCfg = Debug|Any CPU
		{443EB226-01AB-4A0F-A5C8-CEAADD90A255}.Debug|Any CPU.Build.0 = Debug|Any CPU
		{443EB226-01AB-4A0F-A5C8-CEAADD90A255}.Debug|x64.ActiveCfg = Debug|Any CPU
		{443EB226-01AB-4A0F-A5C8-CEAADD90A255}.Debug|x64.Build.0 = Debug|Any CPU
		{443EB226-01AB-4A0F-A5C8-CEAADD90A255}.Debug|x86.ActiveCfg = Debug|Any CPU
		{443EB226-01AB-4A0F-A5C8-CEAADD90A255}.Debug|x86.Build.0 = Debug|Any CPU
		{443EB226-01AB-4A0F-A5C8-CEAADD90A255}.Release|Any CPU.ActiveCfg = Release|Any CPU
		{443EB226-01AB-4A0F-A5C8-CEAADD90A255}.Release|Any CPU.Build.0 = Release|Any CPU
		{443EB226-01AB-4A0F-A5C8-CEAADD90A255}.Release|x64.ActiveCfg = Release|Any CPU
		{443EB226-01AB-4A0F-A5C8-CEAADD90A255}.Release|x64.Build.0 = Release|Any CPU
		{443EB226-01AB-4A0F-A5C8-CEAADD90A255}.Release|x86.ActiveCfg = Release|Any CPU
		{443EB226-01AB-4A0F-A5C8-CEAADD90A255}.Release|x86.Build.0 = Release|Any CPU
		{7CFC6EED-6FBB-47D9-BCD6-D49566D0ED9F}.Debug|Any CPU.ActiveCfg = Debug|Any CPU
		{7CFC6EED-6FBB-47D9-BCD6-D49566D0ED9F}.Debug|Any CPU.Build.0 = Debug|Any CPU
		{7CFC6EED-6FBB-47D9-BCD6-D49566D0ED9F}.Debug|x64.ActiveCfg = Debug|Any CPU
		{7CFC6EED-6FBB-47D9-BCD6-D49566D0ED9F}.Debug|x64.Build.0 = Debug|Any CPU
		{7CFC6EED-6FBB-47D9-BCD6-D49566D0ED9F}.Debug|x86.ActiveCfg = Debug|Any CPU
		{7CFC6EED-6FBB-47D9-BCD6-D49566D0ED9F}.Debug|x86.Build.0 = Debug|Any CPU
		{7CFC6EED-6FBB-47D9-BCD6-D49566D0ED9F}.Release|Any CPU.ActiveCfg = Release|Any CPU
		{7CFC6EED-6FBB-47D9-BCD6-D49566D0ED9F}.Release|Any CPU.Build.0 = Release|Any CPU
		{7CFC6EED-6FBB-47D9-BCD6-D49566D0ED9F}.Release|x64.ActiveCfg = Release|Any CPU
		{7CFC6EED-6FBB-47D9-BCD6-D49566D0ED9F}.Release|x64.Build.0 = Release|Any CPU
		{7CFC6EED-6FBB-47D9-BCD6-D49566D0ED9F}.Release|x86.ActiveCfg = Release|Any CPU
		{7CFC6EED-6FBB-47D9-BCD6-D49566D0ED9F}.Release|x86.Build.0 = Release|Any CPU
	EndGlobalSection
	GlobalSection(SolutionProperties) = preSolution
		HideSolutionNode = FALSE
	EndGlobalSection
	GlobalSection(NestedProjects) = preSolution
		{7BD48BA8-D98E-4C50-986A-0549701E23F0} = {827E0CD3-B72D-47B6-A68D-7590B98EB39B}
		{30047820-E396-4A89-A174-2AC6BCF07AAC} = {827E0CD3-B72D-47B6-A68D-7590B98EB39B}
		{50465262-ECD3-43A6-B7E2-88F88D5819E5} = {827E0CD3-B72D-47B6-A68D-7590B98EB39B}
		{026FB3F9-8A3A-427B-A4D6-81A58BE3F8FD} = {827E0CD3-B72D-47B6-A68D-7590B98EB39B}
		{BBD1009E-2A9A-4506-983E-42AC37A15827} = {827E0CD3-B72D-47B6-A68D-7590B98EB39B}
		{E27937D6-2368-4DA6-A22F-025D71EBD54B} = {0AB3BF05-4346-4AA6-1389-037BE0695223}
		{7C7F420D-B6BC-488F-A53E-5D884625B76E} = {0AB3BF05-4346-4AA6-1389-037BE0695223}
		{9A242054-0E08-4E29-88BC-04B04D2F0512} = {0AB3BF05-4346-4AA6-1389-037BE0695223}
		{7F1E6CFA-7959-4394-B83C-D4A677E336A3} = {0AB3BF05-4346-4AA6-1389-037BE0695223}
		{443EB226-01AB-4A0F-A5C8-CEAADD90A255} = {0AB3BF05-4346-4AA6-1389-037BE0695223}
		{7CFC6EED-6FBB-47D9-BCD6-D49566D0ED9F} = {0AB3BF05-4346-4AA6-1389-037BE0695223}
	EndGlobalSection
EndGlobal
